
Microsoft Visual Studio Solution File, Format Version 12.00
# Visual Studio Version 16
VisualStudioVersion = 16.0.30615.102
MinimumVisualStudioVersion = 10.0.40219.1
Project("{9A19103F-16F7-4668-BE54-9A1E7A4F7556}") = "ServelessCms.Functions", "ServelessCms.Functions\ServelessCms.Functions.csproj", "{426ACB7B-0CED-463A-8348-41B46A3B6B7D}"
EndProject
Project("{9A19103F-16F7-4668-BE54-9A1E7A4F7556}") = "ServerlessCms.Data", "ServerlessCms.Data\ServerlessCms.Data.csproj", "{BB0B91E3-920F-463B-8A2E-DD343121C9F5}"
EndProject
Project("{2150E333-8FDC-42A3-9474-1A3956D46DE8}") = "Deployment", "Deployment", "{41C02CB1-A750-46AF-B14B-C6F3D97FD2C2}"
	ProjectSection(SolutionItems) = preProject
		.github\workflows\functions.yml = .github\workflows\functions.yml
	EndProjectSection
EndProject
Global
	GlobalSection(SolutionConfigurationPlatforms) = preSolution
		Debug|Any CPU = Debug|Any CPU
		Release|Any CPU = Release|Any CPU
	EndGlobalSection
	GlobalSection(ProjectConfigurationPlatforms) = postSolution
		{426ACB7B-0CED-463A-8348-41B46A3B6B7D}.Debug|Any CPU.ActiveCfg = Debug|Any CPU
		{426ACB7B-0CED-463A-8348-41B46A3B6B7D}.Debug|Any CPU.Build.0 = Debug|Any CPU
		{426ACB7B-0CED-463A-8348-41B46A3B6B7D}.Release|Any CPU.ActiveCfg = Release|Any CPU
		{426ACB7B-0CED-463A-8348-41B46A3B6B7D}.Release|Any CPU.Build.0 = Release|Any CPU
		{BB0B91E3-920F-463B-8A2E-DD343121C9F5}.Debug|Any CPU.ActiveCfg = Debug|Any CPU
		{BB0B91E3-920F-463B-8A2E-DD343121C9F5}.Debug|Any CPU.Build.0 = Debug|Any CPU
		{BB0B91E3-920F-463B-8A2E-DD343121C9F5}.Release|Any CPU.ActiveCfg = Release|Any CPU
		{BB0B91E3-920F-463B-8A2E-DD343121C9F5}.Release|Any CPU.Build.0 = Release|Any CPU
	EndGlobalSection
	GlobalSection(SolutionProperties) = preSolution
		HideSolutionNode = FALSE
	EndGlobalSection
	GlobalSection(ExtensibilityGlobals) = postSolution
		SolutionGuid = {3F345F3F-3207-4682-AF12-E02D001E9BFF}
	EndGlobalSection
EndGlobal
