
Microsoft Visual Studio Solution File, Format Version 12.00
# Visual Studio Version 16
VisualStudioVersion = 16.0.30615.102
MinimumVisualStudioVersion = 10.0.40219.1
Project("{9A19103F-16F7-4668-BE54-9A1E7A4F7556}") = "ServerlessCms.Functions", "ServerlessCms.Functions\ServerlessCms.Functions.csproj", "{426ACB7B-0CED-463A-8348-41B46A3B6B7D}"
EndProject
Project("{9A19103F-16F7-4668-BE54-9A1E7A4F7556}") = "ServerlessCms.Data", "ServerlessCms.Data\ServerlessCms.Data.csproj", "{BB0B91E3-920F-463B-8A2E-DD343121C9F5}"
EndProject
Project("{2150E333-8FDC-42A3-9474-1A3956D46DE8}") = "Deployment", "Deployment", "{41C02CB1-A750-46AF-B14B-C6F3D97FD2C2}"
	ProjectSection(SolutionItems) = preProject
		.github\workflows\editor-app.yml = .github\workflows\editor-app.yml
		.github\workflows\functions.yml = .github\workflows\functions.yml
		.github\workflows\viewer-app.yml = .github\workflows\viewer-app.yml
	EndProjectSection
EndProject
Project("{9A19103F-16F7-4668-BE54-9A1E7A4F7556}") = "ServerlessCms.DTO", "ServerlessCms.DTO\ServerlessCms.DTO.csproj", "{11842B87-9014-4829-91C9-4C6480852786}"
EndProject
Project("{9A19103F-16F7-4668-BE54-9A1E7A4F7556}") = "ServerlessCms.EditorApp", "ServerlessCms.EditorApp\ServerlessCms.EditorApp.csproj", "{EDFDD198-AB00-439D-8D6A-D4D72E5C7844}"
EndProject
Project("{9A19103F-16F7-4668-BE54-9A1E7A4F7556}") = "ServerlessCms.ViewerApp", "ServerlessCms.ViewerApp\ServerlessCms.ViewerApp.csproj", "{5D143C3B-A7CC-4484-8201-F2D72D962E81}"
EndProject
Global
	GlobalSection(SolutionConfigurationPlatforms) = preSolution
		Debug|Any CPU = Debug|Any CPU
		Release|Any CPU = Release|Any CPU
	EndGlobalSection
	GlobalSection(ProjectConfigurationPlatforms) = postSolution
		{426ACB7B-0CED-463A-8348-41B46A3B6B7D}.Debug|Any CPU.ActiveCfg = Debug|Any CPU
		{426ACB7B-0CED-463A-8348-41B46A3B6B7D}.Debug|Any CPU.Build.0 = Debug|Any CPU
		{426ACB7B-0CED-463A-8348-41B46A3B6B7D}.Release|Any CPU.ActiveCfg = Release|Any CPU
		{426ACB7B-0CED-463A-8348-41B46A3B6B7D}.Release|Any CPU.Build.0 = Release|Any CPU
		{BB0B91E3-920F-463B-8A2E-DD343121C9F5}.Debug|Any CPU.ActiveCfg = Debug|Any CPU
		{BB0B91E3-920F-463B-8A2E-DD343121C9F5}.Debug|Any CPU.Build.0 = Debug|Any CPU
		{BB0B91E3-920F-463B-8A2E-DD343121C9F5}.Release|Any CPU.ActiveCfg = Release|Any CPU
		{BB0B91E3-920F-463B-8A2E-DD343121C9F5}.Release|Any CPU.Build.0 = Release|Any CPU
		{11842B87-9014-4829-91C9-4C6480852786}.Debug|Any CPU.ActiveCfg = Debug|Any CPU
		{11842B87-9014-4829-91C9-4C6480852786}.Debug|Any CPU.Build.0 = Debug|Any CPU
		{11842B87-9014-4829-91C9-4C6480852786}.Release|Any CPU.ActiveCfg = Release|Any CPU
		{11842B87-9014-4829-91C9-4C6480852786}.Release|Any CPU.Build.0 = Release|Any CPU
		{EDFDD198-AB00-439D-8D6A-D4D72E5C7844}.Debug|Any CPU.ActiveCfg = Debug|Any CPU
		{EDFDD198-AB00-439D-8D6A-D4D72E5C7844}.Debug|Any CPU.Build.0 = Debug|Any CPU
		{EDFDD198-AB00-439D-8D6A-D4D72E5C7844}.Release|Any CPU.ActiveCfg = Release|Any CPU
		{EDFDD198-AB00-439D-8D6A-D4D72E5C7844}.Release|Any CPU.Build.0 = Release|Any CPU
		{5D143C3B-A7CC-4484-8201-F2D72D962E81}.Debug|Any CPU.ActiveCfg = Debug|Any CPU
		{5D143C3B-A7CC-4484-8201-F2D72D962E81}.Debug|Any CPU.Build.0 = Debug|Any CPU
		{5D143C3B-A7CC-4484-8201-F2D72D962E81}.Release|Any CPU.ActiveCfg = Release|Any CPU
		{5D143C3B-A7CC-4484-8201-F2D72D962E81}.Release|Any CPU.Build.0 = Release|Any CPU
	EndGlobalSection
	GlobalSection(SolutionProperties) = preSolution
		HideSolutionNode = FALSE
	EndGlobalSection
	GlobalSection(ExtensibilityGlobals) = postSolution
		SolutionGuid = {3F345F3F-3207-4682-AF12-E02D001E9BFF}
	EndGlobalSection
EndGlobal
